<?xml version="1.0" encoding="utf-8"?>
<Project ToolsVersion="4.0" xmlns="http://schemas.microsoft.com/developer/msbuild/2003">
  <ItemGroup>
    <Filter Include="Components">
      <UniqueIdentifier>{329eab43-446b-45fb-aaeb-e3eb5c32bf07}</UniqueIdentifier>
    </Filter>
    <Filter Include="Player">
      <UniqueIdentifier>{4dade281-b6cd-457a-99a7-dfb169e2e537}</UniqueIdentifier>
    </Filter>
    <Filter Include="Scenes">
      <UniqueIdentifier>{7b2b7296-5bb6-47c0-8ecd-4938aab50e4c}</UniqueIdentifier>
    </Filter>
    <Filter Include="Components\Graphics">
      <UniqueIdentifier>{137977f0-0561-461e-8387-aa642f94c830}</UniqueIdentifier>
    </Filter>
    <Filter Include="Components\Inputs">
      <UniqueIdentifier>{bf07bfd3-1c03-4a83-ae07-b2c04386542b}</UniqueIdentifier>
    </Filter>
    <Filter Include="Libs">
      <UniqueIdentifier>{36b62753-8ec4-4c1d-b0d1-30471edc31d9}</UniqueIdentifier>
    </Filter>
    <Filter Include="Enemies">
      <UniqueIdentifier>{ad9da109-a924-408e-b5a9-a6ce00d44b36}</UniqueIdentifier>
    </Filter>
    <Filter Include="Objects">
      <UniqueIdentifier>{640f2b0a-c24d-4c90-8666-ca23ec38a1d0}</UniqueIdentifier>
    </Filter>
    <Filter Include="Bullets">
      <UniqueIdentifier>{01f3ac76-76ad-41b2-87d8-23e86e214aad}</UniqueIdentifier>
    </Filter>
  </ItemGroup>
  <ItemGroup>
    <ClCompile Include="WindowInit.cpp" />
    <ClCompile Include="Game.cpp">
      <Filter>Components</Filter>
    </ClCompile>
    <ClCompile Include="KeyBoard.cpp">
      <Filter>Components\Inputs</Filter>
    </ClCompile>
    <ClCompile Include="Sprite.cpp">
      <Filter>Components\Graphics</Filter>
    </ClCompile>
    <ClCompile Include="SceneManager.cpp">
      <Filter>Components</Filter>
    </ClCompile>
    <ClCompile Include="PlayScene.cpp">
      <Filter>Scenes</Filter>
    </ClCompile>
    <ClCompile Include="Map.cpp">
      <Filter>Components</Filter>
    </ClCompile>
    <ClCompile Include="base64.cpp">
      <Filter>Libs</Filter>
    </ClCompile>
    <ClCompile Include="tinystr.cpp">
      <Filter>Libs</Filter>
    </ClCompile>
    <ClCompile Include="tinyxml.cpp">
      <Filter>Libs</Filter>
    </ClCompile>
    <ClCompile Include="tinyxmlerror.cpp">
      <Filter>Libs</Filter>
    </ClCompile>
    <ClCompile Include="tinyxmlparser.cpp">
      <Filter>Libs</Filter>
    </ClCompile>
    <ClCompile Include="ViewPort.cpp">
      <Filter>Components</Filter>
    </ClCompile>
    <ClCompile Include="Graphics.cpp">
      <Filter>Components</Filter>
    </ClCompile>
    <ClCompile Include="BitMapFont.cpp">
      <Filter>Components\Graphics</Filter>
    </ClCompile>
    <ClCompile Include="Texture.cpp">
      <Filter>Components\Graphics</Filter>
    </ClCompile>
    <ClCompile Include="TextureArray.cpp">
      <Filter>Components\Graphics</Filter>
    </ClCompile>
  </ItemGroup>
  <ItemGroup>
    <ClInclude Include="Config.h" />
    <ClInclude Include="Game.h">
      <Filter>Components</Filter>
    </ClInclude>
    <ClInclude Include="Scene.h">
      <Filter>Components</Filter>
    </ClInclude>
    <ClInclude Include="KeyBoard.h">
      <Filter>Components\Inputs</Filter>
    </ClInclude>
    <ClInclude Include="Sprite.h">
      <Filter>Components\Graphics</Filter>
    </ClInclude>
    <ClInclude Include="SceneManager.h">
      <Filter>Components</Filter>
    </ClInclude>
    <ClInclude Include="PlayScene.h">
      <Filter>Scenes</Filter>
    </ClInclude>
    <ClInclude Include="SpriteData.h">
      <Filter>Components\Graphics</Filter>
    </ClInclude>
    <ClInclude Include="Map.h">
      <Filter>Components</Filter>
    </ClInclude>
    <ClInclude Include="base64.h">
      <Filter>Libs</Filter>
    </ClInclude>
    <ClInclude Include="tinystr.h">
      <Filter>Libs</Filter>
    </ClInclude>
    <ClInclude Include="tinyxml.h">
      <Filter>Libs</Filter>
    </ClInclude>
    <ClInclude Include="zconf.h">
      <Filter>Libs</Filter>
    </ClInclude>
    <ClInclude Include="zlib.h">
      <Filter>Libs</Filter>
    </ClInclude>
    <ClInclude Include="Camera.h">
      <Filter>Components</Filter>
    </ClInclude>
    <ClInclude Include="ViewPort.h">
      <Filter>Components</Filter>
    </ClInclude>
    <ClInclude Include="Rect.h">
      <Filter>Components</Filter>
    </ClInclude>
    <ClInclude Include="Direction.h">
      <Filter>Components</Filter>
    </ClInclude>
    <ClInclude Include="Graphics.h">
      <Filter>Components</Filter>
    </ClInclude>
    <ClInclude Include="BitMapFont.h">
      <Filter>Components\Graphics</Filter>
    </ClInclude>
    <ClInclude Include="CollisionRect.h">
      <Filter>Components</Filter>
    </ClInclude>
    <ClInclude Include="Texture.h">
      <Filter>Components\Graphics</Filter>
    </ClInclude>
    <ClInclude Include="TextureArray.h">
      <Filter>Components\Graphics</Filter>
    </ClInclude>
  </ItemGroup>
</Project>